
Microsoft Visual Studio Solution File, Format Version 12.00
# Visual Studio Version 17
VisualStudioVersion = 17.14.37111.16 d17.14
MinimumVisualStudioVersion = 10.0.40219.1
Project("{FAE04EC0-301F-11D3-BF4B-00C04F79EFBC}") = "CafeteriaWeb", "CafeteriaWeb.csproj", "{DC8859F4-40EB-4C52-B8DD-70C72B693E22}"
EndProject
Global
	GlobalSection(SolutionConfigurationPlatforms) = preSolution
		Debug|Any CPU = Debug|Any CPU
		Release|Any CPU = Release|Any CPU
	EndGlobalSection
	GlobalSection(ProjectConfigurationPlatforms) = postSolution
		{DC8859F4-40EB-4C52-B8DD-70C72B693E22}.Debug|Any CPU.ActiveCfg = Debug|Any CPU
		{DC8859F4-40EB-4C52-B8DD-70C72B693E22}.Debug|Any CPU.Build.0 = Debug|Any CPU
		{DC8859F4-40EB-4C52-B8DD-70C72B693E22}.Release|Any CPU.ActiveCfg = Release|Any CPU
		{DC8859F4-40EB-4C52-B8DD-70C72B693E22}.Release|Any CPU.Build.0 = Release|Any CPU
	EndGlobalSection
	GlobalSection(SolutionProperties) = preSolution
		HideSolutionNode = FALSE
	EndGlobalSection
	GlobalSection(ExtensibilityGlobals) = postSolution
		SolutionGuid = {46A52F61-1C71-4BE7-B7C8-4AA110E5A875}
	EndGlobalSection
EndGlobal
